
Microsoft Visual Studio Solution File, Format Version 12.00
# Visual Studio Version 16
VisualStudioVersion = 16.0.31515.178
MinimumVisualStudioVersion = 10.0.40219.1
Project("{FAE04EC0-301F-11D3-BF4B-00C04F79EFBC}") = "FlightBookingProject", "FlightBookingProject.csproj", "{ECF53DEF-0A92-4191-B9DA-C0E12DC44472}"
EndProject
Global
	GlobalSection(SolutionConfigurationPlatforms) = preSolution
		Debug|Any CPU = Debug|Any CPU
		Release|Any CPU = Release|Any CPU
	EndGlobalSection
	GlobalSection(ProjectConfigurationPlatforms) = postSolution
		{ECF53DEF-0A92-4191-B9DA-C0E12DC44472}.Debug|Any CPU.ActiveCfg = Debug|Any CPU
		{ECF53DEF-0A92-4191-B9DA-C0E12DC44472}.Debug|Any CPU.Build.0 = Debug|Any CPU
		{ECF53DEF-0A92-4191-B9DA-C0E12DC44472}.Release|Any CPU.ActiveCfg = Release|Any CPU
		{ECF53DEF-0A92-4191-B9DA-C0E12DC44472}.Release|Any CPU.Build.0 = Release|Any CPU
	EndGlobalSection
	GlobalSection(SolutionProperties) = preSolution
		HideSolutionNode = FALSE
	EndGlobalSection
	GlobalSection(ExtensibilityGlobals) = postSolution
		SolutionGuid = {FA085D8F-6FD2-45C5-B9EE-5B0F90543212}
	EndGlobalSection
EndGlobal
